
Microsoft Visual Studio Solution File, Format Version 12.00
# Visual Studio Version 17
VisualStudioVersion = 17.14.36623.8 d17.14
MinimumVisualStudioVersion = 10.0.40219.1
Project("{FAE04EC0-301F-11D3-BF4B-00C04F79EFBC}") = "PKE_LaborVizsgaV01", "PKE_LaborVizsgaV01.csproj", "{7BAF8D62-C34A-4F21-AE1F-5B2F1E8A3178}"
EndProject
Global
	GlobalSection(SolutionConfigurationPlatforms) = preSolution
		Debug|Any CPU = Debug|Any CPU
		Release|Any CPU = Release|Any CPU
	EndGlobalSection
	GlobalSection(ProjectConfigurationPlatforms) = postSolution
		{7BAF8D62-C34A-4F21-AE1F-5B2F1E8A3178}.Debug|Any CPU.ActiveCfg = Debug|Any CPU
		{7BAF8D62-C34A-4F21-AE1F-5B2F1E8A3178}.Debug|Any CPU.Build.0 = Debug|Any CPU
		{7BAF8D62-C34A-4F21-AE1F-5B2F1E8A3178}.Release|Any CPU.ActiveCfg = Release|Any CPU
		{7BAF8D62-C34A-4F21-AE1F-5B2F1E8A3178}.Release|Any CPU.Build.0 = Release|Any CPU
	EndGlobalSection
	GlobalSection(SolutionProperties) = preSolution
		HideSolutionNode = FALSE
	EndGlobalSection
	GlobalSection(ExtensibilityGlobals) = postSolution
		SolutionGuid = {625D3879-6C03-464E-978A-A0FB78973D9D}
	EndGlobalSection
EndGlobal
